
Microsoft Visual Studio Solution File, Format Version 12.00
# Visual Studio Version 17
VisualStudioVersion = 17.8.0.0
MinimumVisualStudioVersion = 17.8.0.0
Project("{9A19103F-16F7-4668-BE54-9A1E7A4F7556}") = "CarTrack.AppHost", "CarTrack.AppHost\CarTrack.AppHost.csproj", "{16ADE8E9-FDAF-4BE3-ABDE-7AA2FF9E5402}"
EndProject
Project("{9A19103F-16F7-4668-BE54-9A1E7A4F7556}") = "CarTrack.Host", "CarTrack.Host\CarTrack.Host.csproj", "{318DCF5C-2ABA-40F0-99D3-D8D4B978ABB9}"
EndProject
Project("{54A90642-561A-4BB1-A94E-469ADEE60C69}") = "frontend", "frontend\frontend.esproj", "{2B909FF1-8E05-4D75-94BB-BE649F9CFE63}"
EndProject
Project("{2150E333-8FDC-42A3-9474-1A3956D46DE8}") = "Modularization", "Modularization", "{FA1D72A8-DE65-990B-B69E-FD4C702D1E64}"
EndProject
Project("{FAE04EC0-301F-11D3-BF4B-00C04F79EFBC}") = "CarTrack.Core", "Shared\CarTrack.Core\CarTrack.Core.csproj", "{3ABB81F4-CB33-445D-A91E-F70ABA2081C3}"
EndProject
Project("{FAE04EC0-301F-11D3-BF4B-00C04F79EFBC}") = "CarTrack.Infrastructure", "Shared\CarTrack.Infrastructure\CarTrack.Infrastructure.csproj", "{69ABB02B-F0B4-4AF8-958B-6BF40E20B01A}"
EndProject
Project("{FAE04EC0-301F-11D3-BF4B-00C04F79EFBC}") = "CarTrack.Identity", "Shared\CarTrack.Identity\CarTrack.Identity.csproj", "{56E47500-7DA2-4E48-BF2D-CB91300FD21F}"
EndProject
Project("{FAE04EC0-301F-11D3-BF4B-00C04F79EFBC}") = "CarTrack.Api", "Shared\CarTrack.Api\CarTrack.Api.csproj", "{04273E40-B84C-4F4F-8736-716DB11C7713}"
EndProject
Project("{FAE04EC0-301F-11D3-BF4B-00C04F79EFBC}") = "CarTrack.ArchitectureTests", "Tests\CarTrack.ArchitectureTests\CarTrack.ArchitectureTests.csproj", "{40427277-7A48-4298-805A-0FA2ABA7F3A9}"
EndProject
Project("{2150E333-8FDC-42A3-9474-1A3956D46DE8}") = "Modules", "Modules", "{CA253913-39DE-BFD0-C9A3-4B7EC6FBDF17}"
EndProject
Project("{FAE04EC0-301F-11D3-BF4B-00C04F79EFBC}") = "CarTrack.Modules.Help", "Modules\CarTrack.Modules.Help\CarTrack.Modules.Help.csproj", "{A44DC32D-123F-4AE2-820A-12FE05AB7949}"
EndProject
Project("{2150E333-8FDC-42A3-9474-1A3956D46DE8}") = "Shared", "Shared", "{4F52FD11-658E-A102-6CD3-7D7C16FFA15B}"
EndProject
Project("{FAE04EC0-301F-11D3-BF4B-00C04F79EFBC}") = "CarTrack.Modules.Support", "Modules\CarTrack.Modules.Support\CarTrack.Modules.Support.csproj", "{046C02FF-7965-48F4-B9BB-479F60A6C107}"
EndProject
Project("{FAE04EC0-301F-11D3-BF4B-00C04F79EFBC}") = "CarTrack.Modules.CoreHr", "Modules\CarTrack.Modules.CoreHr\CarTrack.Modules.CoreHr.csproj", "{C77CE2C2-1A8B-4985-B143-7DFF0C3C7629}"
EndProject
Project("{FAE04EC0-301F-11D3-BF4B-00C04F79EFBC}") = "CarTrack.Modules.Notifications", "Modules\CarTrack.Modules.Notifications\CarTrack.Modules.Notifications.csproj", "{6841D499-1353-46D4-9B79-C749F8C1572D}"
EndProject
Project("{FAE04EC0-301F-11D3-BF4B-00C04F79EFBC}") = "CarTrack.Modules.Leave", "Modules\CarTrack.Modules.Leave\CarTrack.Modules.Leave.csproj", "{CF7EC1D5-2F54-43F2-A479-4BA4005BEE42}"
EndProject
Project("{FAE04EC0-301F-11D3-BF4B-00C04F79EFBC}") = "CarTrack.Modules.Expense", "Modules\CarTrack.Modules.Expense\CarTrack.Modules.Expense.csproj", "{883F26E7-846D-4CC8-8115-5C1E9E350DCF}"
EndProject
Project("{FAE04EC0-301F-11D3-BF4B-00C04F79EFBC}") = "CarTrack.Modules.Fleet", "Modules\CarTrack.Modules.Fleet\CarTrack.Modules.Fleet.csproj", "{85E88510-46EE-4D7E-BF2C-C902CB9271E7}"
EndProject
Project("{FAE04EC0-301F-11D3-BF4B-00C04F79EFBC}") = "CarTrack.Modules.Users", "Modules\CarTrack.Modules.Users\CarTrack.Modules.Users.csproj", "{C37D7A53-EEA0-413D-9307-BED21398DA24}"
EndProject
Project("{FAE04EC0-301F-11D3-BF4B-00C04F79EFBC}") = "CarTrack.Modules.Settings", "Modules\CarTrack.Modules.Settings\CarTrack.Modules.Settings.csproj", "{BE105C53-7CA0-4728-A7FB-A9BE97709072}"
EndProject
Project("{FAE04EC0-301F-11D3-BF4B-00C04F79EFBC}") = "CarTrack.Modules.Reporting", "Modules\CarTrack.Modules.Reporting\CarTrack.Modules.Reporting.csproj", "{E9157FB2-3612-4D7F-B4B4-D226F5DC7510}"
EndProject
Global
	GlobalSection(SolutionConfigurationPlatforms) = preSolution
		Debug|Any CPU = Debug|Any CPU
		Debug|x64 = Debug|x64
		Debug|x86 = Debug|x86
		Release|Any CPU = Release|Any CPU
		Release|x64 = Release|x64
		Release|x86 = Release|x86
	EndGlobalSection
	GlobalSection(ProjectConfigurationPlatforms) = postSolution
		{16ADE8E9-FDAF-4BE3-ABDE-7AA2FF9E5402}.Debug|Any CPU.ActiveCfg = Debug|Any CPU
		{16ADE8E9-FDAF-4BE3-ABDE-7AA2FF9E5402}.Debug|Any CPU.Build.0 = Debug|Any CPU
		{16ADE8E9-FDAF-4BE3-ABDE-7AA2FF9E5402}.Debug|x64.ActiveCfg = Debug|Any CPU
		{16ADE8E9-FDAF-4BE3-ABDE-7AA2FF9E5402}.Debug|x64.Build.0 = Debug|Any CPU
		{16ADE8E9-FDAF-4BE3-ABDE-7AA2FF9E5402}.Debug|x86.ActiveCfg = Debug|Any CPU
		{16ADE8E9-FDAF-4BE3-ABDE-7AA2FF9E5402}.Debug|x86.Build.0 = Debug|Any CPU
		{16ADE8E9-FDAF-4BE3-ABDE-7AA2FF9E5402}.Release|Any CPU.ActiveCfg = Release|Any CPU
		{16ADE8E9-FDAF-4BE3-ABDE-7AA2FF9E5402}.Release|Any CPU.Build.0 = Release|Any CPU
		{16ADE8E9-FDAF-4BE3-ABDE-7AA2FF9E5402}.Release|x64.ActiveCfg = Release|Any CPU
		{16ADE8E9-FDAF-4BE3-ABDE-7AA2FF9E5402}.Release|x64.Build.0 = Release|Any CPU
		{16ADE8E9-FDAF-4BE3-ABDE-7AA2FF9E5402}.Release|x86.ActiveCfg = Release|Any CPU
		{16ADE8E9-FDAF-4BE3-ABDE-7AA2FF9E5402}.Release|x86.Build.0 = Release|Any CPU
		{318DCF5C-2ABA-40F0-99D3-D8D4B978ABB9}.Debug|Any CPU.ActiveCfg = Debug|Any CPU
		{318DCF5C-2ABA-40F0-99D3-D8D4B978ABB9}.Debug|Any CPU.Build.0 = Debug|Any CPU
		{318DCF5C-2ABA-40F0-99D3-D8D4B978ABB9}.Debug|x64.ActiveCfg = Debug|Any CPU
		{318DCF5C-2ABA-40F0-99D3-D8D4B978ABB9}.Debug|x64.Build.0 = Debug|Any CPU
		{318DCF5C-2ABA-40F0-99D3-D8D4B978ABB9}.Debug|x86.ActiveCfg = Debug|Any CPU
		{318DCF5C-2ABA-40F0-99D3-D8D4B978ABB9}.Debug|x86.Build.0 = Debug|Any CPU
		{318DCF5C-2ABA-40F0-99D3-D8D4B978ABB9}.Release|Any CPU.ActiveCfg = Release|Any CPU
		{318DCF5C-2ABA-40F0-99D3-D8D4B978ABB9}.Release|Any CPU.Build.0 = Release|Any CPU
		{318DCF5C-2ABA-40F0-99D3-D8D4B978ABB9}.Release|x64.ActiveCfg = Release|Any CPU
		{318DCF5C-2ABA-40F0-99D3-D8D4B978ABB9}.Release|x64.Build.0 = Release|Any CPU
		{318DCF5C-2ABA-40F0-99D3-D8D4B978ABB9}.Release|x86.ActiveCfg = Release|Any CPU
		{318DCF5C-2ABA-40F0-99D3-D8D4B978ABB9}.Release|x86.Build.0 = Release|Any CPU
		{2B909FF1-8E05-4D75-94BB-BE649F9CFE63}.Debug|Any CPU.ActiveCfg = Debug|Any CPU
		{2B909FF1-8E05-4D75-94BB-BE649F9CFE63}.Debug|Any CPU.Build.0 = Debug|Any CPU
		{2B909FF1-8E05-4D75-94BB-BE649F9CFE63}.Debug|x64.ActiveCfg = Debug|x64
		{2B909FF1-8E05-4D75-94BB-BE649F9CFE63}.Debug|x86.ActiveCfg = Debug|x86
		{2B909FF1-8E05-4D75-94BB-BE649F9CFE63}.Release|Any CPU.ActiveCfg = Release|Any CPU
		{2B909FF1-8E05-4D75-94BB-BE649F9CFE63}.Release|Any CPU.Build.0 = Release|Any CPU
		{2B909FF1-8E05-4D75-94BB-BE649F9CFE63}.Release|x64.ActiveCfg = Release|x64
		{2B909FF1-8E05-4D75-94BB-BE649F9CFE63}.Release|x86.ActiveCfg = Release|x86
		{3ABB81F4-CB33-445D-A91E-F70ABA2081C3}.Debug|Any CPU.ActiveCfg = Debug|Any CPU
		{3ABB81F4-CB33-445D-A91E-F70ABA2081C3}.Debug|Any CPU.Build.0 = Debug|Any CPU
		{3ABB81F4-CB33-445D-A91E-F70ABA2081C3}.Debug|x64.ActiveCfg = Debug|Any CPU
		{3ABB81F4-CB33-445D-A91E-F70ABA2081C3}.Debug|x64.Build.0 = Debug|Any CPU
		{3ABB81F4-CB33-445D-A91E-F70ABA2081C3}.Debug|x86.ActiveCfg = Debug|Any CPU
		{3ABB81F4-CB33-445D-A91E-F70ABA2081C3}.Debug|x86.Build.0 = Debug|Any CPU
		{3ABB81F4-CB33-445D-A91E-F70ABA2081C3}.Release|Any CPU.ActiveCfg = Release|Any CPU
		{3ABB81F4-CB33-445D-A91E-F70ABA2081C3}.Release|Any CPU.Build.0 = Release|Any CPU
		{3ABB81F4-CB33-445D-A91E-F70ABA2081C3}.Release|x64.ActiveCfg = Release|Any CPU
		{3ABB81F4-CB33-445D-A91E-F70ABA2081C3}.Release|x64.Build.0 = Release|Any CPU
		{3ABB81F4-CB33-445D-A91E-F70ABA2081C3}.Release|x86.ActiveCfg = Release|Any CPU
		{3ABB81F4-CB33-445D-A91E-F70ABA2081C3}.Release|x86.Build.0 = Release|Any CPU
		{69ABB02B-F0B4-4AF8-958B-6BF40E20B01A}.Debug|Any CPU.ActiveCfg = Debug|Any CPU
		{69ABB02B-F0B4-4AF8-958B-6BF40E20B01A}.Debug|Any CPU.Build.0 = Debug|Any CPU
		{69ABB02B-F0B4-4AF8-958B-6BF40E20B01A}.Debug|x64.ActiveCfg = Debug|Any CPU
		{69ABB02B-F0B4-4AF8-958B-6BF40E20B01A}.Debug|x64.Build.0 = Debug|Any CPU
		{69ABB02B-F0B4-4AF8-958B-6BF40E20B01A}.Debug|x86.ActiveCfg = Debug|Any CPU
		{69ABB02B-F0B4-4AF8-958B-6BF40E20B01A}.Debug|x86.Build.0 = Debug|Any CPU
		{69ABB02B-F0B4-4AF8-958B-6BF40E20B01A}.Release|Any CPU.ActiveCfg = Release|Any CPU
		{69ABB02B-F0B4-4AF8-958B-6BF40E20B01A}.Release|Any CPU.Build.0 = Release|Any CPU
		{69ABB02B-F0B4-4AF8-958B-6BF40E20B01A}.Release|x64.ActiveCfg = Release|Any CPU
		{69ABB02B-F0B4-4AF8-958B-6BF40E20B01A}.Release|x64.Build.0 = Release|Any CPU
		{69ABB02B-F0B4-4AF8-958B-6BF40E20B01A}.Release|x86.ActiveCfg = Release|Any CPU
		{69ABB02B-F0B4-4AF8-958B-6BF40E20B01A}.Release|x86.Build.0 = Release|Any CPU
		{56E47500-7DA2-4E48-BF2D-CB91300FD21F}.Debug|Any CPU.ActiveCfg = Debug|Any CPU
		{56E47500-7DA2-4E48-BF2D-CB91300FD21F}.Debug|Any CPU.Build.0 = Debug|Any CPU
		{56E47500-7DA2-4E48-BF2D-CB91300FD21F}.Debug|x64.ActiveCfg = Debug|Any CPU
		{56E47500-7DA2-4E48-BF2D-CB91300FD21F}.Debug|x64.Build.0 = Debug|Any CPU
		{56E47500-7DA2-4E48-BF2D-CB91300FD21F}.Debug|x86.ActiveCfg = Debug|Any CPU
		{56E47500-7DA2-4E48-BF2D-CB91300FD21F}.Debug|x86.Build.0 = Debug|Any CPU
		{56E47500-7DA2-4E48-BF2D-CB91300FD21F}.Release|Any CPU.ActiveCfg = Release|Any CPU
		{56E47500-7DA2-4E48-BF2D-CB91300FD21F}.Release|Any CPU.Build.0 = Release|Any CPU
		{56E47500-7DA2-4E48-BF2D-CB91300FD21F}.Release|x64.ActiveCfg = Release|Any CPU
		{56E47500-7DA2-4E48-BF2D-CB91300FD21F}.Release|x64.Build.0 = Release|Any CPU
		{56E47500-7DA2-4E48-BF2D-CB91300FD21F}.Release|x86.ActiveCfg = Release|Any CPU
		{56E47500-7DA2-4E48-BF2D-CB91300FD21F}.Release|x86.Build.0 = Release|Any CPU
		{04273E40-B84C-4F4F-8736-716DB11C7713}.Debug|Any CPU.ActiveCfg = Debug|Any CPU
		{04273E40-B84C-4F4F-8736-716DB11C7713}.Debug|Any CPU.Build.0 = Debug|Any CPU
		{04273E40-B84C-4F4F-8736-716DB11C7713}.Debug|x64.ActiveCfg = Debug|Any CPU
		{04273E40-B84C-4F4F-8736-716DB11C7713}.Debug|x64.Build.0 = Debug|Any CPU
		{04273E40-B84C-4F4F-8736-716DB11C7713}.Debug|x86.ActiveCfg = Debug|Any CPU
		{04273E40-B84C-4F4F-8736-716DB11C7713}.Debug|x86.Build.0 = Debug|Any CPU
		{04273E40-B84C-4F4F-8736-716DB11C7713}.Release|Any CPU.ActiveCfg = Release|Any CPU
		{04273E40-B84C-4F4F-8736-716DB11C7713}.Release|Any CPU.Build.0 = Release|Any CPU
		{04273E40-B84C-4F4F-8736-716DB11C7713}.Release|x64.ActiveCfg = Release|Any CPU
		{04273E40-B84C-4F4F-8736-716DB11C7713}.Release|x64.Build.0 = Release|Any CPU
		{04273E40-B84C-4F4F-8736-716DB11C7713}.Release|x86.ActiveCfg = Release|Any CPU
		{04273E40-B84C-4F4F-8736-716DB11C7713}.Release|x86.Build.0 = Release|Any CPU
		{40427277-7A48-4298-805A-0FA2ABA7F3A9}.Debug|Any CPU.ActiveCfg = Debug|Any CPU
		{40427277-7A48-4298-805A-0FA2ABA7F3A9}.Debug|Any CPU.Build.0 = Debug|Any CPU
		{40427277-7A48-4298-805A-0FA2ABA7F3A9}.Debug|x64.ActiveCfg = Debug|Any CPU
		{40427277-7A48-4298-805A-0FA2ABA7F3A9}.Debug|x64.Build.0 = Debug|Any CPU
		{40427277-7A48-4298-805A-0FA2ABA7F3A9}.Debug|x86.ActiveCfg = Debug|Any CPU
		{40427277-7A48-4298-805A-0FA2ABA7F3A9}.Debug|x86.Build.0 = Debug|Any CPU
		{40427277-7A48-4298-805A-0FA2ABA7F3A9}.Release|Any CPU.ActiveCfg = Release|Any CPU
		{40427277-7A48-4298-805A-0FA2ABA7F3A9}.Release|Any CPU.Build.0 = Release|Any CPU
		{40427277-7A48-4298-805A-0FA2ABA7F3A9}.Release|x64.ActiveCfg = Release|Any CPU
		{40427277-7A48-4298-805A-0FA2ABA7F3A9}.Release|x64.Build.0 = Release|Any CPU
		{40427277-7A48-4298-805A-0FA2ABA7F3A9}.Release|x86.ActiveCfg = Release|Any CPU
		{40427277-7A48-4298-805A-0FA2ABA7F3A9}.Release|x86.Build.0 = Release|Any CPU
		{A44DC32D-123F-4AE2-820A-12FE05AB7949}.Debug|Any CPU.ActiveCfg = Debug|Any CPU
		{A44DC32D-123F-4AE2-820A-12FE05AB7949}.Debug|Any CPU.Build.0 = Debug|Any CPU
		{A44DC32D-123F-4AE2-820A-12FE05AB7949}.Debug|x64.ActiveCfg = Debug|Any CPU
		{A44DC32D-123F-4AE2-820A-12FE05AB7949}.Debug|x64.Build.0 = Debug|Any CPU
		{A44DC32D-123F-4AE2-820A-12FE05AB7949}.Debug|x86.ActiveCfg = Debug|Any CPU
		{A44DC32D-123F-4AE2-820A-12FE05AB7949}.Debug|x86.Build.0 = Debug|Any CPU
		{A44DC32D-123F-4AE2-820A-12FE05AB7949}.Release|Any CPU.ActiveCfg = Release|Any CPU
		{A44DC32D-123F-4AE2-820A-12FE05AB7949}.Release|Any CPU.Build.0 = Release|Any CPU
		{A44DC32D-123F-4AE2-820A-12FE05AB7949}.Release|x64.ActiveCfg = Release|Any CPU
		{A44DC32D-123F-4AE2-820A-12FE05AB7949}.Release|x64.Build.0 = Release|Any CPU
		{A44DC32D-123F-4AE2-820A-12FE05AB7949}.Release|x86.ActiveCfg = Release|Any CPU
		{A44DC32D-123F-4AE2-820A-12FE05AB7949}.Release|x86.Build.0 = Release|Any CPU
		{046C02FF-7965-48F4-B9BB-479F60A6C107}.Debug|Any CPU.ActiveCfg = Debug|Any CPU
		{046C02FF-7965-48F4-B9BB-479F60A6C107}.Debug|Any CPU.Build.0 = Debug|Any CPU
		{046C02FF-7965-48F4-B9BB-479F60A6C107}.Debug|x64.ActiveCfg = Debug|Any CPU
		{046C02FF-7965-48F4-B9BB-479F60A6C107}.Debug|x64.Build.0 = Debug|Any CPU
		{046C02FF-7965-48F4-B9BB-479F60A6C107}.Debug|x86.ActiveCfg = Debug|Any CPU
		{046C02FF-7965-48F4-B9BB-479F60A6C107}.Debug|x86.Build.0 = Debug|Any CPU
		{046C02FF-7965-48F4-B9BB-479F60A6C107}.Release|Any CPU.ActiveCfg = Release|Any CPU
		{046C02FF-7965-48F4-B9BB-479F60A6C107}.Release|Any CPU.Build.0 = Release|Any CPU
		{046C02FF-7965-48F4-B9BB-479F60A6C107}.Release|x64.ActiveCfg = Release|Any CPU
		{046C02FF-7965-48F4-B9BB-479F60A6C107}.Release|x64.Build.0 = Release|Any CPU
		{046C02FF-7965-48F4-B9BB-479F60A6C107}.Release|x86.ActiveCfg = Release|Any CPU
		{046C02FF-7965-48F4-B9BB-479F60A6C107}.Release|x86.Build.0 = Release|Any CPU
		{C77CE2C2-1A8B-4985-B143-7DFF0C3C7629}.Debug|Any CPU.ActiveCfg = Debug|Any CPU
		{C77CE2C2-1A8B-4985-B143-7DFF0C3C7629}.Debug|Any CPU.Build.0 = Debug|Any CPU
		{C77CE2C2-1A8B-4985-B143-7DFF0C3C7629}.Debug|x64.ActiveCfg = Debug|Any CPU
		{C77CE2C2-1A8B-4985-B143-7DFF0C3C7629}.Debug|x64.Build.0 = Debug|Any CPU
		{C77CE2C2-1A8B-4985-B143-7DFF0C3C7629}.Debug|x86.ActiveCfg = Debug|Any CPU
		{C77CE2C2-1A8B-4985-B143-7DFF0C3C7629}.Debug|x86.Build.0 = Debug|Any CPU
		{C77CE2C2-1A8B-4985-B143-7DFF0C3C7629}.Release|Any CPU.ActiveCfg = Release|Any CPU
		{C77CE2C2-1A8B-4985-B143-7DFF0C3C7629}.Release|Any CPU.Build.0 = Release|Any CPU
		{C77CE2C2-1A8B-4985-B143-7DFF0C3C7629}.Release|x64.ActiveCfg = Release|Any CPU
		{C77CE2C2-1A8B-4985-B143-7DFF0C3C7629}.Release|x64.Build.0 = Release|Any CPU
		{C77CE2C2-1A8B-4985-B143-7DFF0C3C7629}.Release|x86.ActiveCfg = Release|Any CPU
		{C77CE2C2-1A8B-4985-B143-7DFF0C3C7629}.Release|x86.Build.0 = Release|Any CPU
		{6841D499-1353-46D4-9B79-C749F8C1572D}.Debug|Any CPU.ActiveCfg = Debug|Any CPU
		{6841D499-1353-46D4-9B79-C749F8C1572D}.Debug|Any CPU.Build.0 = Debug|Any CPU
		{6841D499-1353-46D4-9B79-C749F8C1572D}.Debug|x64.ActiveCfg = Debug|Any CPU
		{6841D499-1353-46D4-9B79-C749F8C1572D}.Debug|x64.Build.0 = Debug|Any CPU
		{6841D499-1353-46D4-9B79-C749F8C1572D}.Debug|x86.ActiveCfg = Debug|Any CPU
		{6841D499-1353-46D4-9B79-C749F8C1572D}.Debug|x86.Build.0 = Debug|Any CPU
		{6841D499-1353-46D4-9B79-C749F8C1572D}.Release|Any CPU.ActiveCfg = Release|Any CPU
		{6841D499-1353-46D4-9B79-C749F8C1572D}.Release|Any CPU.Build.0 = Release|Any CPU
		{6841D499-1353-46D4-9B79-C749F8C1572D}.Release|x64.ActiveCfg = Release|Any CPU
		{6841D499-1353-46D4-9B79-C749F8C1572D}.Release|x64.Build.0 = Release|Any CPU
		{6841D499-1353-46D4-9B79-C749F8C1572D}.Release|x86.ActiveCfg = Release|Any CPU
		{6841D499-1353-46D4-9B79-C749F8C1572D}.Release|x86.Build.0 = Release|Any CPU
		{CF7EC1D5-2F54-43F2-A479-4BA4005BEE42}.Debug|Any CPU.ActiveCfg = Debug|Any CPU
		{CF7EC1D5-2F54-43F2-A479-4BA4005BEE42}.Debug|Any CPU.Build.0 = Debug|Any CPU
		{CF7EC1D5-2F54-43F2-A479-4BA4005BEE42}.Debug|x64.ActiveCfg = Debug|Any CPU
		{CF7EC1D5-2F54-43F2-A479-4BA4005BEE42}.Debug|x64.Build.0 = Debug|Any CPU
		{CF7EC1D5-2F54-43F2-A479-4BA4005BEE42}.Debug|x86.ActiveCfg = Debug|Any CPU
		{CF7EC1D5-2F54-43F2-A479-4BA4005BEE42}.Debug|x86.Build.0 = Debug|Any CPU
		{CF7EC1D5-2F54-43F2-A479-4BA4005BEE42}.Release|Any CPU.ActiveCfg = Release|Any CPU
		{CF7EC1D5-2F54-43F2-A479-4BA4005BEE42}.Release|Any CPU.Build.0 = Release|Any CPU
		{CF7EC1D5-2F54-43F2-A479-4BA4005BEE42}.Release|x64.ActiveCfg = Release|Any CPU
		{CF7EC1D5-2F54-43F2-A479-4BA4005BEE42}.Release|x64.Build.0 = Release|Any CPU
		{CF7EC1D5-2F54-43F2-A479-4BA4005BEE42}.Release|x86.ActiveCfg = Release|Any CPU
		{CF7EC1D5-2F54-43F2-A479-4BA4005BEE42}.Release|x86.Build.0 = Release|Any CPU
		{883F26E7-846D-4CC8-8115-5C1E9E350DCF}.Debug|Any CPU.ActiveCfg = Debug|Any CPU
		{883F26E7-846D-4CC8-8115-5C1E9E350DCF}.Debug|Any CPU.Build.0 = Debug|Any CPU
		{883F26E7-846D-4CC8-8115-5C1E9E350DCF}.Debug|x64.ActiveCfg = Debug|Any CPU
		{883F26E7-846D-4CC8-8115-5C1E9E350DCF}.Debug|x64.Build.0 = Debug|Any CPU
		{883F26E7-846D-4CC8-8115-5C1E9E350DCF}.Debug|x86.ActiveCfg = Debug|Any CPU
		{883F26E7-846D-4CC8-8115-5C1E9E350DCF}.Debug|x86.Build.0 = Debug|Any CPU
		{883F26E7-846D-4CC8-8115-5C1E9E350DCF}.Release|Any CPU.ActiveCfg = Release|Any CPU
		{883F26E7-846D-4CC8-8115-5C1E9E350DCF}.Release|Any CPU.Build.0 = Release|Any CPU
		{883F26E7-846D-4CC8-8115-5C1E9E350DCF}.Release|x64.ActiveCfg = Release|Any CPU
		{883F26E7-846D-4CC8-8115-5C1E9E350DCF}.Release|x64.Build.0 = Release|Any CPU
		{883F26E7-846D-4CC8-8115-5C1E9E350DCF}.Release|x86.ActiveCfg = Release|Any CPU
		{883F26E7-846D-4CC8-8115-5C1E9E350DCF}.Release|x86.Build.0 = Release|Any CPU
		{85E88510-46EE-4D7E-BF2C-C902CB9271E7}.Debug|Any CPU.ActiveCfg = Debug|Any CPU
		{85E88510-46EE-4D7E-BF2C-C902CB9271E7}.Debug|Any CPU.Build.0 = Debug|Any CPU
		{85E88510-46EE-4D7E-BF2C-C902CB9271E7}.Debug|x64.ActiveCfg = Debug|Any CPU
		{85E88510-46EE-4D7E-BF2C-C902CB9271E7}.Debug|x64.Build.0 = Debug|Any CPU
		{85E88510-46EE-4D7E-BF2C-C902CB9271E7}.Debug|x86.ActiveCfg = Debug|Any CPU
		{85E88510-46EE-4D7E-BF2C-C902CB9271E7}.Debug|x86.Build.0 = Debug|Any CPU
		{85E88510-46EE-4D7E-BF2C-C902CB9271E7}.Release|Any CPU.ActiveCfg = Release|Any CPU
		{85E88510-46EE-4D7E-BF2C-C902CB9271E7}.Release|Any CPU.Build.0 = Release|Any CPU
		{85E88510-46EE-4D7E-BF2C-C902CB9271E7}.Release|x64.ActiveCfg = Release|Any CPU
		{85E88510-46EE-4D7E-BF2C-C902CB9271E7}.Release|x64.Build.0 = Release|Any CPU
		{85E88510-46EE-4D7E-BF2C-C902CB9271E7}.Release|x86.ActiveCfg = Release|Any CPU
		{85E88510-46EE-4D7E-BF2C-C902CB9271E7}.Release|x86.Build.0 = Release|Any CPU
		{C37D7A53-EEA0-413D-9307-BED21398DA24}.Debug|Any CPU.ActiveCfg = Debug|Any CPU
		{C37D7A53-EEA0-413D-9307-BED21398DA24}.Debug|Any CPU.Build.0 = Debug|Any CPU
		{C37D7A53-EEA0-413D-9307-BED21398DA24}.Debug|x64.ActiveCfg = Debug|Any CPU
		{C37D7A53-EEA0-413D-9307-BED21398DA24}.Debug|x64.Build.0 = Debug|Any CPU
		{C37D7A53-EEA0-413D-9307-BED21398DA24}.Debug|x86.ActiveCfg = Debug|Any CPU
		{C37D7A53-EEA0-413D-9307-BED21398DA24}.Debug|x86.Build.0 = Debug|Any CPU
		{C37D7A53-EEA0-413D-9307-BED21398DA24}.Release|Any CPU.ActiveCfg = Release|Any CPU
		{C37D7A53-EEA0-413D-9307-BED21398DA24}.Release|Any CPU.Build.0 = Release|Any CPU
		{C37D7A53-EEA0-413D-9307-BED21398DA24}.Release|x64.ActiveCfg = Release|Any CPU
		{C37D7A53-EEA0-413D-9307-BED21398DA24}.Release|x64.Build.0 = Release|Any CPU
		{C37D7A53-EEA0-413D-9307-BED21398DA24}.Release|x86.ActiveCfg = Release|Any CPU
		{C37D7A53-EEA0-413D-9307-BED21398DA24}.Release|x86.Build.0 = Release|Any CPU
		{BE105C53-7CA0-4728-A7FB-A9BE97709072}.Debug|Any CPU.ActiveCfg = Debug|Any CPU
		{BE105C53-7CA0-4728-A7FB-A9BE97709072}.Debug|Any CPU.Build.0 = Debug|Any CPU
		{BE105C53-7CA0-4728-A7FB-A9BE97709072}.Debug|x64.ActiveCfg = Debug|Any CPU
		{BE105C53-7CA0-4728-A7FB-A9BE97709072}.Debug|x64.Build.0 = Debug|Any CPU
		{BE105C53-7CA0-4728-A7FB-A9BE97709072}.Debug|x86.ActiveCfg = Debug|Any CPU
		{BE105C53-7CA0-4728-A7FB-A9BE97709072}.Debug|x86.Build.0 = Debug|Any CPU
		{BE105C53-7CA0-4728-A7FB-A9BE97709072}.Release|Any CPU.ActiveCfg = Release|Any CPU
		{BE105C53-7CA0-4728-A7FB-A9BE97709072}.Release|Any CPU.Build.0 = Release|Any CPU
		{BE105C53-7CA0-4728-A7FB-A9BE97709072}.Release|x64.ActiveCfg = Release|Any CPU
		{BE105C53-7CA0-4728-A7FB-A9BE97709072}.Release|x64.Build.0 = Release|Any CPU
		{BE105C53-7CA0-4728-A7FB-A9BE97709072}.Release|x86.ActiveCfg = Release|Any CPU
		{BE105C53-7CA0-4728-A7FB-A9BE97709072}.Release|x86.Build.0 = Release|Any CPU
		{E9157FB2-3612-4D7F-B4B4-D226F5DC7510}.Debug|Any CPU.ActiveCfg = Debug|Any CPU
		{E9157FB2-3612-4D7F-B4B4-D226F5DC7510}.Debug|Any CPU.Build.0 = Debug|Any CPU
		{E9157FB2-3612-4D7F-B4B4-D226F5DC7510}.Debug|x64.ActiveCfg = Debug|Any CPU
		{E9157FB2-3612-4D7F-B4B4-D226F5DC7510}.Debug|x64.Build.0 = Debug|Any CPU
		{E9157FB2-3612-4D7F-B4B4-D226F5DC7510}.Debug|x86.ActiveCfg = Debug|Any CPU
		{E9157FB2-3612-4D7F-B4B4-D226F5DC7510}.Debug|x86.Build.0 = Debug|Any CPU
		{E9157FB2-3612-4D7F-B4B4-D226F5DC7510}.Release|Any CPU.ActiveCfg = Release|Any CPU
		{E9157FB2-3612-4D7F-B4B4-D226F5DC7510}.Release|Any CPU.Build.0 = Release|Any CPU
		{E9157FB2-3612-4D7F-B4B4-D226F5DC7510}.Release|x64.ActiveCfg = Release|Any CPU
		{E9157FB2-3612-4D7F-B4B4-D226F5DC7510}.Release|x64.Build.0 = Release|Any CPU
		{E9157FB2-3612-4D7F-B4B4-D226F5DC7510}.Release|x86.ActiveCfg = Release|Any CPU
		{E9157FB2-3612-4D7F-B4B4-D226F5DC7510}.Release|x86.Build.0 = Release|Any CPU
	EndGlobalSection
	GlobalSection(SolutionProperties) = preSolution
		HideSolutionNode = FALSE
	EndGlobalSection
	GlobalSection(NestedProjects) = preSolution
		{3ABB81F4-CB33-445D-A91E-F70ABA2081C3} = {FA1D72A8-DE65-990B-B69E-FD4C702D1E64}
		{69ABB02B-F0B4-4AF8-958B-6BF40E20B01A} = {FA1D72A8-DE65-990B-B69E-FD4C702D1E64}
		{56E47500-7DA2-4E48-BF2D-CB91300FD21F} = {FA1D72A8-DE65-990B-B69E-FD4C702D1E64}
		{04273E40-B84C-4F4F-8736-716DB11C7713} = {FA1D72A8-DE65-990B-B69E-FD4C702D1E64}
		{40427277-7A48-4298-805A-0FA2ABA7F3A9} = {FA1D72A8-DE65-990B-B69E-FD4C702D1E64}
		{A44DC32D-123F-4AE2-820A-12FE05AB7949} = {CA253913-39DE-BFD0-C9A3-4B7EC6FBDF17}
		{046C02FF-7965-48F4-B9BB-479F60A6C107} = {CA253913-39DE-BFD0-C9A3-4B7EC6FBDF17}
		{C77CE2C2-1A8B-4985-B143-7DFF0C3C7629} = {CA253913-39DE-BFD0-C9A3-4B7EC6FBDF17}
		{6841D499-1353-46D4-9B79-C749F8C1572D} = {CA253913-39DE-BFD0-C9A3-4B7EC6FBDF17}
		{CF7EC1D5-2F54-43F2-A479-4BA4005BEE42} = {CA253913-39DE-BFD0-C9A3-4B7EC6FBDF17}
		{883F26E7-846D-4CC8-8115-5C1E9E350DCF} = {CA253913-39DE-BFD0-C9A3-4B7EC6FBDF17}
		{85E88510-46EE-4D7E-BF2C-C902CB9271E7} = {CA253913-39DE-BFD0-C9A3-4B7EC6FBDF17}
		{C37D7A53-EEA0-413D-9307-BED21398DA24} = {CA253913-39DE-BFD0-C9A3-4B7EC6FBDF17}
		{BE105C53-7CA0-4728-A7FB-A9BE97709072} = {CA253913-39DE-BFD0-C9A3-4B7EC6FBDF17}
		{E9157FB2-3612-4D7F-B4B4-D226F5DC7510} = {CA253913-39DE-BFD0-C9A3-4B7EC6FBDF17}
	EndGlobalSection
	GlobalSection(ExtensibilityGlobals) = postSolution
		SolutionGuid = {A690859D-4D04-4327-A736-15B69355862E}
	EndGlobalSection
EndGlobal
